{
  "requires": true,
  "lockfileVersion": 1,
  "dependencies": {
    "i18n-iso-countries": {
      "version": "3.2.2",
      "resolved": "https://registry.npmjs.org/i18n-iso-countries/-/i18n-iso-countries-3.2.2.tgz",
      "integrity": "sha512-pvxgT8HwpEhsClh8+vt8AMsNFeOU2uX5BLrJ9OLOjpXoyem+Dm9TyAgxenFSxjvcNaN9HiKuzBFRMlKxih1yfA=="
    }
  }
}
